
Microsoft Visual Studio Solution File, Format Version 12.00
# Visual Studio Version 17
VisualStudioVersion = 17.8.34525.116
MinimumVisualStudioVersion = 10.0.40219.1
Project("{9A19103F-16F7-4668-BE54-9A1E7A4F7556}") = "WebApi", "WebApi.csproj", "{A7E120F7-724D-4E23-BCDC-319BA2CF0BE4}"
EndProject
Project("{9A19103F-16F7-4668-BE54-9A1E7A4F7556}") = "Business", "Business\Business.csproj", "{08169AC6-15AF-4535-BD71-24BE68CF36B7}"
EndProject
Project("{9A19103F-16F7-4668-BE54-9A1E7A4F7556}") = "DataAccess", "DataAccess\DataAccess.csproj", "{B5CC322C-E734-4FE7-BDC6-FDA2AAB77FF7}"
EndProject
Project("{9A19103F-16F7-4668-BE54-9A1E7A4F7556}") = "Entities", "Entities\Entities.csproj", "{C75508DC-6D32-4D86-8055-71BA7596EBDF}"
EndProject
Project("{9A19103F-16F7-4668-BE54-9A1E7A4F7556}") = "Core", "Core\Core.csproj", "{604C6DA3-24F5-4B4C-A2DD-FF30DC5F14B8}"
EndProject
Global
	GlobalSection(SolutionConfigurationPlatforms) = preSolution
		Debug|Any CPU = Debug|Any CPU
		Release|Any CPU = Release|Any CPU
	EndGlobalSection
	GlobalSection(ProjectConfigurationPlatforms) = postSolution
		{A7E120F7-724D-4E23-BCDC-319BA2CF0BE4}.Debug|Any CPU.ActiveCfg = Debug|Any CPU
		{A7E120F7-724D-4E23-BCDC-319BA2CF0BE4}.Debug|Any CPU.Build.0 = Debug|Any CPU
		{A7E120F7-724D-4E23-BCDC-319BA2CF0BE4}.Release|Any CPU.ActiveCfg = Release|Any CPU
		{A7E120F7-724D-4E23-BCDC-319BA2CF0BE4}.Release|Any CPU.Build.0 = Release|Any CPU
		{08169AC6-15AF-4535-BD71-24BE68CF36B7}.Debug|Any CPU.ActiveCfg = Debug|Any CPU
		{08169AC6-15AF-4535-BD71-24BE68CF36B7}.Debug|Any CPU.Build.0 = Debug|Any CPU
		{08169AC6-15AF-4535-BD71-24BE68CF36B7}.Release|Any CPU.ActiveCfg = Release|Any CPU
		{08169AC6-15AF-4535-BD71-24BE68CF36B7}.Release|Any CPU.Build.0 = Release|Any CPU
		{B5CC322C-E734-4FE7-BDC6-FDA2AAB77FF7}.Debug|Any CPU.ActiveCfg = Debug|Any CPU
		{B5CC322C-E734-4FE7-BDC6-FDA2AAB77FF7}.Debug|Any CPU.Build.0 = Debug|Any CPU
		{B5CC322C-E734-4FE7-BDC6-FDA2AAB77FF7}.Release|Any CPU.ActiveCfg = Release|Any CPU
		{B5CC322C-E734-4FE7-BDC6-FDA2AAB77FF7}.Release|Any CPU.Build.0 = Release|Any CPU
		{C75508DC-6D32-4D86-8055-71BA7596EBDF}.Debug|Any CPU.ActiveCfg = Debug|Any CPU
		{C75508DC-6D32-4D86-8055-71BA7596EBDF}.Debug|Any CPU.Build.0 = Debug|Any CPU
		{C75508DC-6D32-4D86-8055-71BA7596EBDF}.Release|Any CPU.ActiveCfg = Release|Any CPU
		{C75508DC-6D32-4D86-8055-71BA7596EBDF}.Release|Any CPU.Build.0 = Release|Any CPU
		{604C6DA3-24F5-4B4C-A2DD-FF30DC5F14B8}.Debug|Any CPU.ActiveCfg = Debug|Any CPU
		{604C6DA3-24F5-4B4C-A2DD-FF30DC5F14B8}.Debug|Any CPU.Build.0 = Debug|Any CPU
		{604C6DA3-24F5-4B4C-A2DD-FF30DC5F14B8}.Release|Any CPU.ActiveCfg = Release|Any CPU
		{604C6DA3-24F5-4B4C-A2DD-FF30DC5F14B8}.Release|Any CPU.Build.0 = Release|Any CPU
	EndGlobalSection
	GlobalSection(SolutionProperties) = preSolution
		HideSolutionNode = FALSE
	EndGlobalSection
	GlobalSection(ExtensibilityGlobals) = postSolution
		SolutionGuid = {AD22D2EB-6831-4E3F-B8AA-4CFD5C1BCA53}
	EndGlobalSection
EndGlobal
